
Microsoft Visual Studio Solution File, Format Version 12.00
# Visual Studio Version 17
VisualStudioVersion = 17.0.31903.59
MinimumVisualStudioVersion = 10.0.40219.1
Project("{9A19103F-16F7-4668-BE54-9A1E7A4F7556}") = "API", "API\API.csproj", "{6F843FD7-89A1-406C-8C03-C97390607535}"
EndProject
Project("{9A19103F-16F7-4668-BE54-9A1E7A4F7556}") = "Core", "Core\Core.csproj", "{CCAFD0C0-2DC5-477F-9647-7D2CAFBF69C6}"
EndProject
Project("{9A19103F-16F7-4668-BE54-9A1E7A4F7556}") = "Web", "Web\Web.csproj", "{0AC1439D-D4AC-432A-81CD-48F7DEE62184}"
EndProject
Project("{9A19103F-16F7-4668-BE54-9A1E7A4F7556}") = "Infrastructure", "Infrastructure\Infrastructure.csproj", "{23675731-FB33-429E-8873-52A6A603AB39}"
EndProject
Global
	GlobalSection(SolutionConfigurationPlatforms) = preSolution
		Debug|Any CPU = Debug|Any CPU
		Release|Any CPU = Release|Any CPU
	EndGlobalSection
	GlobalSection(ProjectConfigurationPlatforms) = postSolution
		{6F843FD7-89A1-406C-8C03-C97390607535}.Debug|Any CPU.ActiveCfg = Debug|Any CPU
		{6F843FD7-89A1-406C-8C03-C97390607535}.Debug|Any CPU.Build.0 = Debug|Any CPU
		{6F843FD7-89A1-406C-8C03-C97390607535}.Release|Any CPU.ActiveCfg = Release|Any CPU
		{6F843FD7-89A1-406C-8C03-C97390607535}.Release|Any CPU.Build.0 = Release|Any CPU
		{CCAFD0C0-2DC5-477F-9647-7D2CAFBF69C6}.Debug|Any CPU.ActiveCfg = Debug|Any CPU
		{CCAFD0C0-2DC5-477F-9647-7D2CAFBF69C6}.Debug|Any CPU.Build.0 = Debug|Any CPU
		{CCAFD0C0-2DC5-477F-9647-7D2CAFBF69C6}.Release|Any CPU.ActiveCfg = Release|Any CPU
		{CCAFD0C0-2DC5-477F-9647-7D2CAFBF69C6}.Release|Any CPU.Build.0 = Release|Any CPU
		{0AC1439D-D4AC-432A-81CD-48F7DEE62184}.Debug|Any CPU.ActiveCfg = Debug|Any CPU
		{0AC1439D-D4AC-432A-81CD-48F7DEE62184}.Debug|Any CPU.Build.0 = Debug|Any CPU
		{0AC1439D-D4AC-432A-81CD-48F7DEE62184}.Release|Any CPU.ActiveCfg = Release|Any CPU
		{0AC1439D-D4AC-432A-81CD-48F7DEE62184}.Release|Any CPU.Build.0 = Release|Any CPU
		{23675731-FB33-429E-8873-52A6A603AB39}.Debug|Any CPU.ActiveCfg = Debug|Any CPU
		{23675731-FB33-429E-8873-52A6A603AB39}.Debug|Any CPU.Build.0 = Debug|Any CPU
		{23675731-FB33-429E-8873-52A6A603AB39}.Release|Any CPU.ActiveCfg = Release|Any CPU
		{23675731-FB33-429E-8873-52A6A603AB39}.Release|Any CPU.Build.0 = Release|Any CPU
	EndGlobalSection
	GlobalSection(SolutionProperties) = preSolution
		HideSolutionNode = FALSE
	EndGlobalSection
	GlobalSection(ExtensibilityGlobals) = postSolution
		SolutionGuid = {6F307CB4-B389-41A4-B845-825277573B51}
	EndGlobalSection
EndGlobal
